
Microsoft Visual Studio Solution File, Format Version 12.00
# Visual Studio Version 16
VisualStudioVersion = 16.0.30717.126
MinimumVisualStudioVersion = 10.0.40219.1
Project("{9A19103F-16F7-4668-BE54-9A1E7A4F7556}") = "prismatik2mqtt", "prismatik2mqtt\prismatik2mqtt.csproj", "{628B7777-EF64-46DF-A74B-9EE7134EC53B}"
EndProject
Project("{9A19103F-16F7-4668-BE54-9A1E7A4F7556}") = "Lightpack", "Lightpack\Lightpack.csproj", "{749AE065-A6A8-4AEE-9ED8-F8CDFEA95897}"
EndProject
Global
	GlobalSection(SolutionConfigurationPlatforms) = preSolution
		Debug|Any CPU = Debug|Any CPU
		Release|Any CPU = Release|Any CPU
	EndGlobalSection
	GlobalSection(ProjectConfigurationPlatforms) = postSolution
		{628B7777-EF64-46DF-A74B-9EE7134EC53B}.Debug|Any CPU.ActiveCfg = Debug|Any CPU
		{628B7777-EF64-46DF-A74B-9EE7134EC53B}.Debug|Any CPU.Build.0 = Debug|Any CPU
		{628B7777-EF64-46DF-A74B-9EE7134EC53B}.Release|Any CPU.ActiveCfg = Release|Any CPU
		{628B7777-EF64-46DF-A74B-9EE7134EC53B}.Release|Any CPU.Build.0 = Release|Any CPU
		{749AE065-A6A8-4AEE-9ED8-F8CDFEA95897}.Debug|Any CPU.ActiveCfg = Debug|Any CPU
		{749AE065-A6A8-4AEE-9ED8-F8CDFEA95897}.Debug|Any CPU.Build.0 = Debug|Any CPU
		{749AE065-A6A8-4AEE-9ED8-F8CDFEA95897}.Release|Any CPU.ActiveCfg = Release|Any CPU
		{749AE065-A6A8-4AEE-9ED8-F8CDFEA95897}.Release|Any CPU.Build.0 = Release|Any CPU
	EndGlobalSection
	GlobalSection(SolutionProperties) = preSolution
		HideSolutionNode = FALSE
	EndGlobalSection
	GlobalSection(ExtensibilityGlobals) = postSolution
		SolutionGuid = {3E30BCB3-1227-4457-BE8B-AD5D06530327}
	EndGlobalSection
EndGlobal
